<?xml version="1.0" encoding="utf-8"?>
<Project ToolsVersion="4.0" xmlns="http://schemas.microsoft.com/developer/msbuild/2003">
  <ItemGroup>
    <Filter Include="Source Files">
      <UniqueIdentifier>{4FC737F1-C7A5-4376-A066-2A32D752A2FF}</UniqueIdentifier>
      <Extensions>cpp;c;cc;cxx;def;odl;idl;hpj;bat;asm;asmx</Extensions>
    </Filter>
    <Filter Include="Header Files">
      <UniqueIdentifier>{93995380-89BD-4b04-88EB-625FBE52EBFB}</UniqueIdentifier>
      <Extensions>h;hpp;hxx;hm;inl;inc;xsd</Extensions>
    </Filter>
    <Filter Include="Resource Files">
      <UniqueIdentifier>{67DA6AB6-F800-4c08-8B7A-83BB121AAD01}</UniqueIdentifier>
      <Extensions>rc;ico;cur;bmp;dlg;rc2;rct;bin;rgs;gif;jpg;jpeg;jpe;resx;tiff;tif;png;wav;mfcribbon-ms</Extensions>
    </Filter>
  </ItemGroup>
  <ItemGroup>
    <ClInclude Include="..\trunk\apiheaders\Body.h">
      <Filter>Header Files</Filter>
    </ClInclude>
    <ClInclude Include="..\trunk\apiheaders\Directives.h">
      <Filter>Header Files</Filter>
    </ClInclude>
    <ClInclude Include="..\trunk\apiheaders\DirectivesOrder.h">
      <Filter>Header Files</Filter>
    </ClInclude>
    <ClInclude Include="..\trunk\apiheaders\Module.h">
      <Filter>Header Files</Filter>
    </ClInclude>
    <ClInclude Include="..\trunk\apiheaders\ModuleInfos.h">
      <Filter>Header Files</Filter>
    </ClInclude>
    <ClInclude Include="..\trunk\apiheaders\Request.h">
      <Filter>Header Files</Filter>
    </ClInclude>
    <ClInclude Include="..\trunk\apiheaders\RequestHeader.h">
      <Filter>Header Files</Filter>
    </ClInclude>
    <ClInclude Include="..\trunk\apiheaders\Response.h">
      <Filter>Header Files</Filter>
    </ClInclude>
    <ClInclude Include="..\trunk\apiheaders\ResponseHeader.h">
      <Filter>Header Files</Filter>
    </ClInclude>
    <ClInclude Include="..\trunk\Bucket.hpp">
      <Filter>Header Files</Filter>
    </ClInclude>
    <ClInclude Include="..\trunk\ConfigManager.hpp">
      <Filter>Header Files</Filter>
    </ClInclude>
    <ClInclude Include="..\trunk\Daemon.hpp">
      <Filter>Header Files</Filter>
    </ClInclude>
    <ClInclude Include="..\trunk\DaemonManager.hpp">
      <Filter>Header Files</Filter>
    </ClInclude>
    <ClInclude Include="..\trunk\DllObjectFactory.hpp">
      <Filter>Header Files</Filter>
    </ClInclude>
    <ClInclude Include="..\trunk\EmbededObjectFactory.hpp">
      <Filter>Header Files</Filter>
    </ClInclude>
    <ClInclude Include="..\trunk\HTTPParser.hpp">
      <Filter>Header Files</Filter>
    </ClInclude>
    <ClInclude Include="..\trunk\IEmbededObjectFactory.hpp">
      <Filter>Header Files</Filter>
    </ClInclude>
    <ClInclude Include="..\trunk\Listener.hpp">
      <Filter>Header Files</Filter>
    </ClInclude>
    <ClInclude Include="..\trunk\ModuleContainer.hpp">
      <Filter>Header Files</Filter>
    </ClInclude>
    <ClInclude Include="..\trunk\ModuleContainerList.hpp">
      <Filter>Header Files</Filter>
    </ClInclude>
    <ClInclude Include="..\trunk\mutex\IMutex.hpp">
      <Filter>Header Files</Filter>
    </ClInclude>
    <ClInclude Include="..\trunk\mutex\MutexCross.hpp">
      <Filter>Header Files</Filter>
    </ClInclude>
    <ClInclude Include="..\trunk\mutex\MutexCSWindows.hpp">
      <Filter>Header Files</Filter>
    </ClInclude>
    <ClInclude Include="..\trunk\thread\IThread.hpp">
      <Filter>Header Files</Filter>
    </ClInclude>
    <ClInclude Include="..\trunk\thread\ThreadWindows.hpp">
      <Filter>Header Files</Filter>
    </ClInclude>
    <ClInclude Include="..\trunk\thread\TLSWindows.hpp">
      <Filter>Header Files</Filter>
    </ClInclude>
    <ClInclude Include="..\trunk\net\ISelector.hpp">
      <Filter>Source Files</Filter>
    </ClInclude>
    <ClInclude Include="export.h">
      <Filter>Header Files</Filter>
    </ClInclude>
  </ItemGroup>
  <ItemGroup>
    <None Include="..\trunk\net\AWindowsSocket.hh">
      <Filter>Header Files</Filter>
    </None>
    <None Include="..\trunk\net\EndPoint.hh">
      <Filter>Header Files</Filter>
    </None>
    <None Include="..\trunk\net\ip.hh">
      <Filter>Header Files</Filter>
    </None>
    <None Include="..\trunk\net\ISocket.hh">
      <Filter>Header Files</Filter>
    </None>
    <None Include="..\trunk\net\TCPWindowsSocket.hh">
      <Filter>Header Files</Filter>
    </None>
    <None Include="..\trunk\net\WindowsThreadSafeSocket.hh">
      <Filter>Header Files</Filter>
    </None>
  </ItemGroup>
  <ItemGroup>
    <ClCompile Include="..\trunk\apisources\Body.cpp">
      <Filter>Source Files</Filter>
    </ClCompile>
    <ClCompile Include="..\trunk\apisources\Request.cpp">
      <Filter>Source Files</Filter>
    </ClCompile>
    <ClCompile Include="..\trunk\apisources\RequestHeader.cpp">
      <Filter>Source Files</Filter>
    </ClCompile>
    <ClCompile Include="..\trunk\apisources\Response.cpp">
      <Filter>Source Files</Filter>
    </ClCompile>
    <ClCompile Include="..\trunk\apisources\ResponseHeader.cpp">
      <Filter>Source Files</Filter>
    </ClCompile>
    <ClCompile Include="..\trunk\Bucket.cpp">
      <Filter>Source Files</Filter>
    </ClCompile>
    <ClCompile Include="..\trunk\ConfigManager.cpp">
      <Filter>Source Files</Filter>
    </ClCompile>
    <ClCompile Include="..\trunk\Daemon.cpp">
      <Filter>Source Files</Filter>
    </ClCompile>
    <ClCompile Include="..\trunk\DaemonManager.cpp">
      <Filter>Source Files</Filter>
    </ClCompile>
    <ClCompile Include="..\trunk\DllObjectFactory.cpp">
      <Filter>Source Files</Filter>
    </ClCompile>
    <ClCompile Include="..\trunk\HTTPParser.cpp">
      <Filter>Source Files</Filter>
    </ClCompile>
    <ClCompile Include="..\trunk\Listener.cpp">
      <Filter>Source Files</Filter>
    </ClCompile>
    <ClCompile Include="..\trunk\main.cpp">
      <Filter>Source Files</Filter>
    </ClCompile>
    <ClCompile Include="..\trunk\ModuleContainer.cpp">
      <Filter>Source Files</Filter>
    </ClCompile>
    <ClCompile Include="..\trunk\ModuleContainerList.cpp">
      <Filter>Source Files</Filter>
    </ClCompile>
    <ClCompile Include="..\trunk\mutex\MutexCross.cpp">
      <Filter>Source Files</Filter>
    </ClCompile>
    <ClCompile Include="..\trunk\mutex\MutexCSWindows.cpp">
      <Filter>Source Files</Filter>
    </ClCompile>
    <ClCompile Include="..\trunk\net\AWindowsSocket.cpp">
      <Filter>Source Files</Filter>
    </ClCompile>
    <ClCompile Include="..\trunk\net\EndPoint.cpp">
      <Filter>Source Files</Filter>
    </ClCompile>
    <ClCompile Include="..\trunk\net\ip.cpp">
      <Filter>Source Files</Filter>
    </ClCompile>
    <ClCompile Include="..\trunk\net\net.cpp">
      <Filter>Source Files</Filter>
    </ClCompile>
    <ClCompile Include="..\trunk\net\TCPWindowsSocket.cpp">
      <Filter>Source Files</Filter>
    </ClCompile>
    <ClCompile Include="..\trunk\net\WindowsThreadSafeSocket.cpp">
      <Filter>Source Files</Filter>
    </ClCompile>
    <ClCompile Include="..\trunk\thread\ThreadWindows.cpp">
      <Filter>Source Files</Filter>
    </ClCompile>
    <ClCompile Include="..\trunk\thread\TLSWindows.cpp">
      <Filter>Source Files</Filter>
    </ClCompile>
  </ItemGroup>
</Project>